
Microsoft Visual Studio Solution File, Format Version 12.00
# Visual Studio Version 16
VisualStudioVersion = 16.0.30804.86
MinimumVisualStudioVersion = 10.0.40219.1
Project("{FAE04EC0-301F-11D3-BF4B-00C04F79EFBC}") = "DiscordBotConstructor", "DiscordBotConstructor.csproj", "{5038AE48-2145-4316-B61B-C16235020BEB}"
EndProject
Global
	GlobalSection(SolutionConfigurationPlatforms) = preSolution
		Debug|Any CPU = Debug|Any CPU
		Release|Any CPU = Release|Any CPU
	EndGlobalSection
	GlobalSection(ProjectConfigurationPlatforms) = postSolution
		{5038AE48-2145-4316-B61B-C16235020BEB}.Debug|Any CPU.ActiveCfg = Debug|Any CPU
		{5038AE48-2145-4316-B61B-C16235020BEB}.Debug|Any CPU.Build.0 = Debug|Any CPU
		{5038AE48-2145-4316-B61B-C16235020BEB}.Release|Any CPU.ActiveCfg = Release|Any CPU
		{5038AE48-2145-4316-B61B-C16235020BEB}.Release|Any CPU.Build.0 = Release|Any CPU
	EndGlobalSection
	GlobalSection(SolutionProperties) = preSolution
		HideSolutionNode = FALSE
	EndGlobalSection
	GlobalSection(ExtensibilityGlobals) = postSolution
		SolutionGuid = {BFE57FA4-B219-4368-84B1-94C5FC803CDB}
	EndGlobalSection
EndGlobal
